
Microsoft Visual Studio Solution File, Format Version 12.00
# Visual Studio Version 17
VisualStudioVersion = 17.9.34607.119
MinimumVisualStudioVersion = 10.0.40219.1
Project("{8BC9CEB8-8B4A-11D0-8D11-00A0C91BC942}") = "RealTrakSync", "..\RealSense_3DG\samples\Sync_3DG\Sync_3DG.vcxproj", "{034700C7-8D9D-47DE-9E69-5F7A7D711D67}"
EndProject
Global
	GlobalSection(SolutionConfigurationPlatforms) = preSolution
		Debug|x64 = Debug|x64
		Debug|x86 = Debug|x86
		Release|x64 = Release|x64
		Release|x86 = Release|x86
	EndGlobalSection
	GlobalSection(ProjectConfigurationPlatforms) = postSolution
		{034700C7-8D9D-47DE-9E69-5F7A7D711D67}.Debug|x64.ActiveCfg = Debug|x64
		{034700C7-8D9D-47DE-9E69-5F7A7D711D67}.Debug|x64.Build.0 = Debug|x64
		{034700C7-8D9D-47DE-9E69-5F7A7D711D67}.Debug|x86.ActiveCfg = Debug|x64
		{034700C7-8D9D-47DE-9E69-5F7A7D711D67}.Debug|x86.Build.0 = Debug|x64
		{034700C7-8D9D-47DE-9E69-5F7A7D711D67}.Release|x64.ActiveCfg = Release|x64
		{034700C7-8D9D-47DE-9E69-5F7A7D711D67}.Release|x64.Build.0 = Release|x64
		{034700C7-8D9D-47DE-9E69-5F7A7D711D67}.Release|x86.ActiveCfg = Release|x64
		{034700C7-8D9D-47DE-9E69-5F7A7D711D67}.Release|x86.Build.0 = Release|x64
	EndGlobalSection
	GlobalSection(SolutionProperties) = preSolution
		HideSolutionNode = FALSE
	EndGlobalSection
	GlobalSection(ExtensibilityGlobals) = postSolution
		SolutionGuid = {242DADA3-905F-47D2-B078-DCD307DC779B}
	EndGlobalSection
EndGlobal
